# This file is automatically @generated by Cargo.
# It is not intended for manual editing.
version = 4

[[package]]
name = "frunk"
version = "0.4.4"
source = "registry+https://github.com/rust-lang/crates.io-index"
checksum = "28aef0f9aa070bce60767c12ba9cb41efeaf1a2bc6427f87b7d83f11239a16d7"
dependencies = [
 "frunk_core",
 "frunk_derives",
 "frunk_proc_macros",
 "serde",
]

[[package]]
name = "frunk_core"
version = "0.4.4"
source = "registry+https://github.com/rust-lang/crates.io-index"
checksum = "476eeaa382e3462b84da5d6ba3da97b5786823c2d0d3a0d04ef088d073da225c"
dependencies = [
 "serde",
]

[[package]]
name = "frunk_derives"
version = "0.4.4"
source = "registry+https://github.com/rust-lang/crates.io-index"
checksum = "a0b4095fc99e1d858e5b8c7125d2638372ec85aa0fe6c807105cf10b0265ca6c"
dependencies = [
 "frunk_proc_macro_helpers",
 "quote",
 "syn",
]

[[package]]
name = "frunk_proc_macro_helpers"
version = "0.1.4"
source = "registry+https://github.com/rust-lang/crates.io-index"
checksum = "1952b802269f2db12ab7c0bd328d0ae8feaabf19f352a7b0af7bb0c5693abfce"
dependencies = [
 "frunk_core",
 "proc-macro2",
 "quote",
 "syn",
]

[[package]]
name = "frunk_proc_macros"
version = "0.1.4"
source = "registry+https://github.com/rust-lang/crates.io-index"
checksum = "3462f590fa236005bd7ca4847f81438bd6fe0febd4d04e11968d4c2e96437e78"
dependencies = [
 "frunk_core",
 "frunk_proc_macro_helpers",
 "quote",
 "syn",
]

[[package]]
name = "osiris-ecs"
version = "0.1.0"
dependencies = [
 "frunk",
]

[[package]]
name = "proc-macro2"
version = "1.0.95"
source = "registry+https://github.com/rust-lang/crates.io-index"
checksum = "02b3e5e68a3a1a02aad3ec490a98007cbc13c37cbe84a3cd7b8e406d76e7f778"
dependencies = [
 "unicode-ident",
]

[[package]]
name = "quote"
version = "1.0.40"
source = "registry+https://github.com/rust-lang/crates.io-index"
checksum = "1885c039570dc00dcb4ff087a89e185fd56bae234ddc7f056a945bf36467248d"
dependencies = [
 "proc-macro2",
]

[[package]]
name = "serde"
version = "1.0.219"
source = "registry+https://github.com/rust-lang/crates.io-index"
checksum = "5f0e2c6ed6606019b4e29e69dbaba95b11854410e5347d525002456dbbb786b6"
dependencies = [
 "serde_derive",
]

[[package]]
name = "serde_derive"
version = "1.0.219"
source = "registry+https://github.com/rust-lang/crates.io-index"
checksum = "5b0276cf7f2c73365f7157c8123c21cd9a50fbbd844757af28ca1f5925fc2a00"
dependencies = [
 "proc-macro2",
 "quote",
 "syn",
]

[[package]]
name = "syn"
version = "2.0.104"
source = "registry+https://github.com/rust-lang/crates.io-index"
checksum = "17b6f705963418cdb9927482fa304bc562ece2fdd4f616084c50b7023b435a40"
dependencies = [
 "proc-macro2",
 "quote",
 "unicode-ident",
]

[[package]]
name = "unicode-ident"
version = "1.0.18"
source = "registry+https://github.com/rust-lang/crates.io-index"
checksum = "5a5f39404a5da50712a4c1eecf25e90dd62b613502b7e925fd4e4d19b5c96512"
